
Microsoft Visual Studio Solution File, Format Version 12.00
# Visual Studio Version 17
VisualStudioVersion = 17.4.33213.308
MinimumVisualStudioVersion = 10.0.40219.1
Project("{FAE04EC0-301F-11D3-BF4B-00C04F79EFBC}") = "WindowsVhod", "WindowsVhod\WindowsVhod.csproj", "{B667E521-D967-437A-9E1F-8551EF6CEC3A}"
EndProject
Global
	GlobalSection(SolutionConfigurationPlatforms) = preSolution
		Debug|Any CPU = Debug|Any CPU
		Release|Any CPU = Release|Any CPU
	EndGlobalSection
	GlobalSection(ProjectConfigurationPlatforms) = postSolution
		{B667E521-D967-437A-9E1F-8551EF6CEC3A}.Debug|Any CPU.ActiveCfg = Debug|Any CPU
		{B667E521-D967-437A-9E1F-8551EF6CEC3A}.Debug|Any CPU.Build.0 = Debug|Any CPU
		{B667E521-D967-437A-9E1F-8551EF6CEC3A}.Release|Any CPU.ActiveCfg = Release|Any CPU
		{B667E521-D967-437A-9E1F-8551EF6CEC3A}.Release|Any CPU.Build.0 = Release|Any CPU
	EndGlobalSection
	GlobalSection(SolutionProperties) = preSolution
		HideSolutionNode = FALSE
	EndGlobalSection
	GlobalSection(ExtensibilityGlobals) = postSolution
		SolutionGuid = {D555C6DE-25E8-4BBE-8505-E05368A5358F}
	EndGlobalSection
EndGlobal
